
Microsoft Visual Studio Solution File, Format Version 12.00
# Visual Studio Version 16
VisualStudioVersion = 16.0.29613.14
MinimumVisualStudioVersion = 10.0.40219.1
Project("{FAE04EC0-301F-11D3-BF4B-00C04F79EFBC}") = "BasicCalculator", "BasicCalculator.csproj", "{E47E2929-58D2-4B62-BB20-1EBA42F98690}"
EndProject
Global
	GlobalSection(SolutionConfigurationPlatforms) = preSolution
		Debug|Any CPU = Debug|Any CPU
		Release|Any CPU = Release|Any CPU
	EndGlobalSection
	GlobalSection(ProjectConfigurationPlatforms) = postSolution
		{E47E2929-58D2-4B62-BB20-1EBA42F98690}.Debug|Any CPU.ActiveCfg = Debug|Any CPU
		{E47E2929-58D2-4B62-BB20-1EBA42F98690}.Debug|Any CPU.Build.0 = Debug|Any CPU
		{E47E2929-58D2-4B62-BB20-1EBA42F98690}.Release|Any CPU.ActiveCfg = Release|Any CPU
		{E47E2929-58D2-4B62-BB20-1EBA42F98690}.Release|Any CPU.Build.0 = Release|Any CPU
	EndGlobalSection
	GlobalSection(SolutionProperties) = preSolution
		HideSolutionNode = FALSE
	EndGlobalSection
	GlobalSection(ExtensibilityGlobals) = postSolution
		SolutionGuid = {0757448E-42B2-442A-B530-1A79EC38382E}
	EndGlobalSection
EndGlobal
